// !$*UTF8*$!
{
	archiveVersion = 1;
	classes = {
	};
	objectVersion = 46;
	objects = {

/* Begin PBXBuildFile section */
		A43E83E81E00D91B00743CDB /* main.cpp in Sources */ = {isa = PBXBuildFile; fileRef = A43E83E71E00D91B00743CDB /* main.cpp */; };
		A43E84071E00DD9300743CDB /* log_impl.cpp in Sources */ = {isa = PBXBuildFile; fileRef = A43E84051E00DD9300743CDB /* log_impl.cpp */; };
		A43E840A1E00E8B800743CDB /* utils_impl.cpp in Sources */ = {isa = PBXBuildFile; fileRef = A43E84081E00E8B800743CDB /* utils_impl.cpp */; };
		A43E840D1E00EB3800743CDB /* cache_impl.cpp in Sources */ = {isa = PBXBuildFile; fileRef = A43E840B1E00EB3800743CDB /* cache_impl.cpp */; };
		A43E84101E00ED1800743CDB /* stml_impl.cpp in Sources */ = {isa = PBXBuildFile; fileRef = A43E840E1E00ED1800743CDB /* stml_impl.cpp */; };
		A43E84291E00F15600743CDB /* connector.cpp in Sources */ = {isa = PBXBuildFile; fileRef = A43E84151E00F15600743CDB /* connector.cpp */; };
		A43E842B1E00F15600743CDB /* dogrobber.cpp in Sources */ = {isa = PBXBuildFile; fileRef = A43E84191E00F15600743CDB /* dogrobber.cpp */; };
		A43E842C1E00F15600743CDB /* error.cpp in Sources */ = {isa = PBXBuildFile; fileRef = A43E841B1E00F15600743CDB /* error.cpp */; };
		A43E842D1E00F15600743CDB /* connector.cpp in Sources */ = {isa = PBXBuildFile; fileRef = A43E841E1E00F15600743CDB /* connector.cpp */; };
		A43E842E1E00F15600743CDB /* context.cpp in Sources */ = {isa = PBXBuildFile; fileRef = A43E84201E00F15600743CDB /* context.cpp */; };
		A43E842F1E00F15600743CDB /* state.cpp in Sources */ = {isa = PBXBuildFile; fileRef = A43E84221E00F15600743CDB /* state.cpp */; };
		A43E84301E00F15600743CDB /* stml-parser.cpp in Sources */ = {isa = PBXBuildFile; fileRef = A43E84261E00F15600743CDB /* stml-parser.cpp */; };
		A43E844D1E01312500743CDB /* libcryptopp.a in Frameworks */ = {isa = PBXBuildFile; fileRef = A43E844C1E01312100743CDB /* libcryptopp.a */; };
		A43E84551E01397C00743CDB /* libz.tbd in Frameworks */ = {isa = PBXBuildFile; fileRef = A43E84541E01397C00743CDB /* libz.tbd */; };
		A43E84591E013D8200743CDB /* tinyxml2.cpp in Sources */ = {isa = PBXBuildFile; fileRef = A43E84571E013D8200743CDB /* tinyxml2.cpp */; };
/* End PBXBuildFile section */

/* Begin PBXContainerItemProxy section */
		A43E844B1E01312100743CDB /* PBXContainerItemProxy */ = {
			isa = PBXContainerItemProxy;
			containerPortal = A43E84471E01312100743CDB /* cryptopp.xcodeproj */;
			proxyType = 2;
			remoteGlobalIDString = EEAEBCD34957A2B1570FD135;
			remoteInfo = cryptopp;
		};
		A43E84501E01371700743CDB /* PBXContainerItemProxy */ = {
			isa = PBXContainerItemProxy;
			containerPortal = A43E84471E01312100743CDB /* cryptopp.xcodeproj */;
			proxyType = 1;
			remoteGlobalIDString = 09A03166786AC88DCD95A519;
			remoteInfo = cryptopp;
		};
/* End PBXContainerItemProxy section */

/* Begin PBXCopyFilesBuildPhase section */
		A43E83E21E00D91B00743CDB /* CopyFiles */ = {
			isa = PBXCopyFilesBuildPhase;
			buildActionMask = 2147483647;
			dstPath = /usr/share/man/man1/;
			dstSubfolderSpec = 0;
			files = (
			);
			runOnlyForDeploymentPostprocessing = 1;
		};
/* End PBXCopyFilesBuildPhase section */

/* Begin PBXFileReference section */
		A43E83E41E00D91B00743CDB /* StmlCpp */ = {isa = PBXFileReference; explicitFileType = "compiled.mach-o.executable"; includeInIndex = 0; path = StmlCpp; sourceTree = BUILT_PRODUCTS_DIR; };
		A43E83E71E00D91B00743CDB /* main.cpp */ = {isa = PBXFileReference; lastKnownFileType = sourcecode.cpp.cpp; path = main.cpp; sourceTree = "<group>"; };
		A43E84051E00DD9300743CDB /* log_impl.cpp */ = {isa = PBXFileReference; fileEncoding = 4; lastKnownFileType = sourcecode.cpp.cpp; path = log_impl.cpp; sourceTree = "<group>"; };
		A43E84061E00DD9300743CDB /* log_impl.hpp */ = {isa = PBXFileReference; fileEncoding = 4; lastKnownFileType = sourcecode.cpp.h; path = log_impl.hpp; sourceTree = "<group>"; };
		A43E84081E00E8B800743CDB /* utils_impl.cpp */ = {isa = PBXFileReference; fileEncoding = 4; lastKnownFileType = sourcecode.cpp.cpp; path = utils_impl.cpp; sourceTree = "<group>"; };
		A43E84091E00E8B800743CDB /* utils_impl.hpp */ = {isa = PBXFileReference; fileEncoding = 4; lastKnownFileType = sourcecode.cpp.h; path = utils_impl.hpp; sourceTree = "<group>"; };
		A43E840B1E00EB3800743CDB /* cache_impl.cpp */ = {isa = PBXFileReference; fileEncoding = 4; lastKnownFileType = sourcecode.cpp.cpp; path = cache_impl.cpp; sourceTree = "<group>"; };
		A43E840C1E00EB3800743CDB /* cache_impl.hpp */ = {isa = PBXFileReference; fileEncoding = 4; lastKnownFileType = sourcecode.cpp.h; path = cache_impl.hpp; sourceTree = "<group>"; };
		A43E840E1E00ED1800743CDB /* stml_impl.cpp */ = {isa = PBXFileReference; fileEncoding = 4; lastKnownFileType = sourcecode.cpp.cpp; path = stml_impl.cpp; sourceTree = "<group>"; };
		A43E840F1E00ED1800743CDB /* stml_impl.hpp */ = {isa = PBXFileReference; fileEncoding = 4; lastKnownFileType = sourcecode.cpp.h; path = stml_impl.hpp; sourceTree = "<group>"; };
		A43E84151E00F15600743CDB /* connector.cpp */ = {isa = PBXFileReference; fileEncoding = 4; lastKnownFileType = sourcecode.cpp.cpp; path = connector.cpp; sourceTree = "<group>"; };
		A43E84161E00F15600743CDB /* connector.h */ = {isa = PBXFileReference; fileEncoding = 4; lastKnownFileType = sourcecode.c.h; path = connector.h; sourceTree = "<group>"; };
		A43E84191E00F15600743CDB /* dogrobber.cpp */ = {isa = PBXFileReference; fileEncoding = 4; lastKnownFileType = sourcecode.cpp.cpp; path = dogrobber.cpp; sourceTree = "<group>"; };
		A43E841A1E00F15600743CDB /* dogrobber.h */ = {isa = PBXFileReference; fileEncoding = 4; lastKnownFileType = sourcecode.c.h; path = dogrobber.h; sourceTree = "<group>"; };
		A43E841B1E00F15600743CDB /* error.cpp */ = {isa = PBXFileReference; fileEncoding = 4; lastKnownFileType = sourcecode.cpp.cpp; path = error.cpp; sourceTree = "<group>"; };
		A43E841C1E00F15600743CDB /* error.h */ = {isa = PBXFileReference; fileEncoding = 4; lastKnownFileType = sourcecode.c.h; path = error.h; sourceTree = "<group>"; };
		A43E841E1E00F15600743CDB /* connector.cpp */ = {isa = PBXFileReference; fileEncoding = 4; lastKnownFileType = sourcecode.cpp.cpp; path = connector.cpp; sourceTree = "<group>"; };
		A43E841F1E00F15600743CDB /* connector.h */ = {isa = PBXFileReference; fileEncoding = 4; lastKnownFileType = sourcecode.c.h; path = connector.h; sourceTree = "<group>"; };
		A43E84201E00F15600743CDB /* context.cpp */ = {isa = PBXFileReference; fileEncoding = 4; lastKnownFileType = sourcecode.cpp.cpp; path = context.cpp; sourceTree = "<group>"; };
		A43E84211E00F15600743CDB /* context.h */ = {isa = PBXFileReference; fileEncoding = 4; lastKnownFileType = sourcecode.c.h; path = context.h; sourceTree = "<group>"; };
		A43E84221E00F15600743CDB /* state.cpp */ = {isa = PBXFileReference; fileEncoding = 4; lastKnownFileType = sourcecode.cpp.cpp; path = state.cpp; sourceTree = "<group>"; };
		A43E84231E00F15600743CDB /* state.h */ = {isa = PBXFileReference; fileEncoding = 4; lastKnownFileType = sourcecode.c.h; path = state.h; sourceTree = "<group>"; };
		A43E84241E00F15600743CDB /* transceiver.h */ = {isa = PBXFileReference; fileEncoding = 4; lastKnownFileType = sourcecode.c.h; path = transceiver.h; sourceTree = "<group>"; };
		A43E84261E00F15600743CDB /* stml-parser.cpp */ = {isa = PBXFileReference; fileEncoding = 4; lastKnownFileType = sourcecode.cpp.cpp; path = "stml-parser.cpp"; sourceTree = "<group>"; };
		A43E84271E00F15600743CDB /* stml-parser.h */ = {isa = PBXFileReference; fileEncoding = 4; lastKnownFileType = sourcecode.c.h; path = "stml-parser.h"; sourceTree = "<group>"; };
		A43E84471E01312100743CDB /* cryptopp.xcodeproj */ = {isa = PBXFileReference; lastKnownFileType = "wrapper.pb-project"; name = cryptopp.xcodeproj; path = ../../build_ios/deps/cryptopp.xcodeproj; sourceTree = "<group>"; };
		A43E84541E01397C00743CDB /* libz.tbd */ = {isa = PBXFileReference; lastKnownFileType = "sourcecode.text-based-dylib-definition"; name = libz.tbd; path = usr/lib/libz.tbd; sourceTree = SDKROOT; };
		A43E84571E013D8200743CDB /* tinyxml2.cpp */ = {isa = PBXFileReference; fileEncoding = 4; lastKnownFileType = sourcecode.cpp.cpp; path = tinyxml2.cpp; sourceTree = "<group>"; };
		A43E84581E013D8200743CDB /* tinyxml2.h */ = {isa = PBXFileReference; fileEncoding = 4; lastKnownFileType = sourcecode.c.h; path = tinyxml2.h; sourceTree = "<group>"; };
/* End PBXFileReference section */

/* Begin PBXFrameworksBuildPhase section */
		A43E83E11E00D91B00743CDB /* Frameworks */ = {
			isa = PBXFrameworksBuildPhase;
			buildActionMask = 2147483647;
			files = (
				A43E84551E01397C00743CDB /* libz.tbd in Frameworks */,
				A43E844D1E01312500743CDB /* libcryptopp.a in Frameworks */,
			);
			runOnlyForDeploymentPostprocessing = 0;
		};
/* End PBXFrameworksBuildPhase section */

/* Begin PBXGroup section */
		A43E83DB1E00D91B00743CDB = {
			isa = PBXGroup;
			children = (
				A43E84471E01312100743CDB /* cryptopp.xcodeproj */,
				A43E83E61E00D91B00743CDB /* StmlCpp */,
				A43E83E51E00D91B00743CDB /* Products */,
				A43E84531E01397C00743CDB /* Frameworks */,
			);
			sourceTree = "<group>";
		};
		A43E83E51E00D91B00743CDB /* Products */ = {
			isa = PBXGroup;
			children = (
				A43E83E41E00D91B00743CDB /* StmlCpp */,
			);
			name = Products;
			sourceTree = "<group>";
		};
		A43E83E61E00D91B00743CDB /* StmlCpp */ = {
			isa = PBXGroup;
			children = (
				A43E83F61E00DA3A00743CDB /* src */,
				A43E83E71E00D91B00743CDB /* main.cpp */,
			);
			path = StmlCpp;
			sourceTree = "<group>";
		};
		A43E83F61E00DA3A00743CDB /* src */ = {
			isa = PBXGroup;
			children = (
				A43E84571E013D8200743CDB /* tinyxml2.cpp */,
				A43E84581E013D8200743CDB /* tinyxml2.h */,
				A43E84121E00F15600743CDB /* sttp */,
				A43E84251E00F15600743CDB /* parser */,
				A43E84051E00DD9300743CDB /* log_impl.cpp */,
				A43E84061E00DD9300743CDB /* log_impl.hpp */,
				A43E84081E00E8B800743CDB /* utils_impl.cpp */,
				A43E84091E00E8B800743CDB /* utils_impl.hpp */,
				A43E840B1E00EB3800743CDB /* cache_impl.cpp */,
				A43E840C1E00EB3800743CDB /* cache_impl.hpp */,
				A43E840E1E00ED1800743CDB /* stml_impl.cpp */,
				A43E840F1E00ED1800743CDB /* stml_impl.hpp */,
			);
			name = src;
			path = ../../../src;
			sourceTree = "<group>";
		};
		A43E84121E00F15600743CDB /* sttp */ = {
			isa = PBXGroup;
			children = (
				A43E84151E00F15600743CDB /* connector.cpp */,
				A43E84161E00F15600743CDB /* connector.h */,
				A43E84191E00F15600743CDB /* dogrobber.cpp */,
				A43E841A1E00F15600743CDB /* dogrobber.h */,
				A43E841B1E00F15600743CDB /* error.cpp */,
				A43E841C1E00F15600743CDB /* error.h */,
				A43E841D1E00F15600743CDB /* setp */,
				A43E84241E00F15600743CDB /* transceiver.h */,
			);
			path = sttp;
			sourceTree = "<group>";
		};
		A43E841D1E00F15600743CDB /* setp */ = {
			isa = PBXGroup;
			children = (
				A43E841E1E00F15600743CDB /* connector.cpp */,
				A43E841F1E00F15600743CDB /* connector.h */,
				A43E84201E00F15600743CDB /* context.cpp */,
				A43E84211E00F15600743CDB /* context.h */,
				A43E84221E00F15600743CDB /* state.cpp */,
				A43E84231E00F15600743CDB /* state.h */,
			);
			path = setp;
			sourceTree = "<group>";
		};
		A43E84251E00F15600743CDB /* parser */ = {
			isa = PBXGroup;
			children = (
				A43E84261E00F15600743CDB /* stml-parser.cpp */,
				A43E84271E00F15600743CDB /* stml-parser.h */,
			);
			path = parser;
			sourceTree = "<group>";
		};
		A43E84481E01312100743CDB /* Products */ = {
			isa = PBXGroup;
			children = (
				A43E844C1E01312100743CDB /* libcryptopp.a */,
			);
			name = Products;
			sourceTree = "<group>";
		};
		A43E84531E01397C00743CDB /* Frameworks */ = {
			isa = PBXGroup;
			children = (
				A43E84541E01397C00743CDB /* libz.tbd */,
			);
			name = Frameworks;
			sourceTree = "<group>";
		};
/* End PBXGroup section */

/* Begin PBXNativeTarget section */
		A43E83E31E00D91B00743CDB /* StmlCpp */ = {
			isa = PBXNativeTarget;
			buildConfigurationList = A43E83EB1E00D91B00743CDB /* Build configuration list for PBXNativeTarget "StmlCpp" */;
			buildPhases = (
				A43E83E01E00D91B00743CDB /* Sources */,
				A43E83E11E00D91B00743CDB /* Frameworks */,
				A43E83E21E00D91B00743CDB /* CopyFiles */,
			);
			buildRules = (
			);
			dependencies = (
				A43E84511E01371700743CDB /* PBXTargetDependency */,
			);
			name = StmlCpp;
			productName = StmlCpp;
			productReference = A43E83E41E00D91B00743CDB /* StmlCpp */;
			productType = "com.apple.product-type.tool";
		};
/* End PBXNativeTarget section */

/* Begin PBXProject section */
		A43E83DC1E00D91B00743CDB /* Project object */ = {
			isa = PBXProject;
			attributes = {
				LastUpgradeCheck = 0810;
				ORGANIZATIONNAME = Smobiler;
				TargetAttributes = {
					A43E83E31E00D91B00743CDB = {
						CreatedOnToolsVersion = 8.1;
						DevelopmentTeam = 7MPDWSB26Z;
						ProvisioningStyle = Automatic;
					};
				};
			};
			buildConfigurationList = A43E83DF1E00D91B00743CDB /* Build configuration list for PBXProject "StmlCpp" */;
			compatibilityVersion = "Xcode 3.2";
			developmentRegion = English;
			hasScannedForEncodings = 0;
			knownRegions = (
				en,
			);
			mainGroup = A43E83DB1E00D91B00743CDB;
			productRefGroup = A43E83E51E00D91B00743CDB /* Products */;
			projectDirPath = "";
			projectReferences = (
				{
					ProductGroup = A43E84481E01312100743CDB /* Products */;
					ProjectRef = A43E84471E01312100743CDB /* cryptopp.xcodeproj */;
				},
			);
			projectRoot = "";
			targets = (
				A43E83E31E00D91B00743CDB /* StmlCpp */,
			);
		};
/* End PBXProject section */

/* Begin PBXReferenceProxy section */
		A43E844C1E01312100743CDB /* libcryptopp.a */ = {
			isa = PBXReferenceProxy;
			fileType = archive.ar;
			path = libcryptopp.a;
			remoteRef = A43E844B1E01312100743CDB /* PBXContainerItemProxy */;
			sourceTree = BUILT_PRODUCTS_DIR;
		};
/* End PBXReferenceProxy section */

/* Begin PBXSourcesBuildPhase section */
		A43E83E01E00D91B00743CDB /* Sources */ = {
			isa = PBXSourcesBuildPhase;
			buildActionMask = 2147483647;
			files = (
				A43E84291E00F15600743CDB /* connector.cpp in Sources */,
				A43E840D1E00EB3800743CDB /* cache_impl.cpp in Sources */,
				A43E842F1E00F15600743CDB /* state.cpp in Sources */,
				A43E84101E00ED1800743CDB /* stml_impl.cpp in Sources */,
				A43E842C1E00F15600743CDB /* error.cpp in Sources */,
				A43E84071E00DD9300743CDB /* log_impl.cpp in Sources */,
				A43E840A1E00E8B800743CDB /* utils_impl.cpp in Sources */,
				A43E842B1E00F15600743CDB /* dogrobber.cpp in Sources */,
				A43E84301E00F15600743CDB /* stml-parser.cpp in Sources */,
				A43E84591E013D8200743CDB /* tinyxml2.cpp in Sources */,
				A43E842E1E00F15600743CDB /* context.cpp in Sources */,
				A43E83E81E00D91B00743CDB /* main.cpp in Sources */,
				A43E842D1E00F15600743CDB /* connector.cpp in Sources */,
			);
			runOnlyForDeploymentPostprocessing = 0;
		};
/* End PBXSourcesBuildPhase section */

/* Begin PBXTargetDependency section */
		A43E84511E01371700743CDB /* PBXTargetDependency */ = {
			isa = PBXTargetDependency;
			name = cryptopp;
			targetProxy = A43E84501E01371700743CDB /* PBXContainerItemProxy */;
		};
/* End PBXTargetDependency section */

/* Begin XCBuildConfiguration section */
		A43E83E91E00D91B00743CDB /* Debug */ = {
			isa = XCBuildConfiguration;
			buildSettings = {
				ALWAYS_SEARCH_USER_PATHS = NO;
				CLANG_ANALYZER_NONNULL = YES;
				CLANG_CXX_LANGUAGE_STANDARD = "gnu++0x";
				CLANG_CXX_LIBRARY = "libc++";
				CLANG_ENABLE_MODULES = YES;
				CLANG_ENABLE_OBJC_ARC = YES;
				CLANG_WARN_BOOL_CONVERSION = YES;
				CLANG_WARN_CONSTANT_CONVERSION = YES;
				CLANG_WARN_DIRECT_OBJC_ISA_USAGE = YES_ERROR;
				CLANG_WARN_DOCUMENTATION_COMMENTS = YES;
				CLANG_WARN_EMPTY_BODY = YES;
				CLANG_WARN_ENUM_CONVERSION = YES;
				CLANG_WARN_INFINITE_RECURSION = YES;
				CLANG_WARN_INT_CONVERSION = YES;
				CLANG_WARN_OBJC_ROOT_CLASS = YES_ERROR;
				CLANG_WARN_SUSPICIOUS_MOVES = YES;
				CLANG_WARN_UNREACHABLE_CODE = YES;
				CLANG_WARN__DUPLICATE_METHOD_MATCH = YES;
				CODE_SIGN_IDENTITY = "-";
				COPY_PHASE_STRIP = NO;
				DEBUG_INFORMATION_FORMAT = dwarf;
				ENABLE_STRICT_OBJC_MSGSEND = YES;
				ENABLE_TESTABILITY = YES;
				GCC_C_LANGUAGE_STANDARD = gnu99;
				GCC_DYNAMIC_NO_PIC = NO;
				GCC_NO_COMMON_BLOCKS = YES;
				GCC_OPTIMIZATION_LEVEL = 0;
				GCC_PREPROCESSOR_DEFINITIONS = (
					"DEBUG=1",
					"$(inherited)",
					ASIO_STANDALONE,
				);
				GCC_WARN_64_TO_32_BIT_CONVERSION = YES;
				GCC_WARN_ABOUT_RETURN_TYPE = YES_ERROR;
				GCC_WARN_UNDECLARED_SELECTOR = YES;
				GCC_WARN_UNINITIALIZED_AUTOS = YES_AGGRESSIVE;
				GCC_WARN_UNUSED_FUNCTION = YES;
				GCC_WARN_UNUSED_VARIABLE = YES;
				MACOSX_DEPLOYMENT_TARGET = 10.12;
				MTL_ENABLE_DEBUG_INFO = YES;
				ONLY_ACTIVE_ARCH = YES;
				SDKROOT = macosx;
			};
			name = Debug;
		};
		A43E83EA1E00D91B00743CDB /* Release */ = {
			isa = XCBuildConfiguration;
			buildSettings = {
				ALWAYS_SEARCH_USER_PATHS = NO;
				CLANG_ANALYZER_NONNULL = YES;
				CLANG_CXX_LANGUAGE_STANDARD = "gnu++0x";
				CLANG_CXX_LIBRARY = "libc++";
				CLANG_ENABLE_MODULES = YES;
				CLANG_ENABLE_OBJC_ARC = YES;
				CLANG_WARN_BOOL_CONVERSION = YES;
				CLANG_WARN_CONSTANT_CONVERSION = YES;
				CLANG_WARN_DIRECT_OBJC_ISA_USAGE = YES_ERROR;
				CLANG_WARN_DOCUMENTATION_COMMENTS = YES;
				CLANG_WARN_EMPTY_BODY = YES;
				CLANG_WARN_ENUM_CONVERSION = YES;
				CLANG_WARN_INFINITE_RECURSION = YES;
				CLANG_WARN_INT_CONVERSION = YES;
				CLANG_WARN_OBJC_ROOT_CLASS = YES_ERROR;
				CLANG_WARN_SUSPICIOUS_MOVES = YES;
				CLANG_WARN_UNREACHABLE_CODE = YES;
				CLANG_WARN__DUPLICATE_METHOD_MATCH = YES;
				CODE_SIGN_IDENTITY = "-";
				COPY_PHASE_STRIP = NO;
				DEBUG_INFORMATION_FORMAT = "dwarf-with-dsym";
				ENABLE_NS_ASSERTIONS = NO;
				ENABLE_STRICT_OBJC_MSGSEND = YES;
				GCC_C_LANGUAGE_STANDARD = gnu99;
				GCC_NO_COMMON_BLOCKS = YES;
				GCC_PREPROCESSOR_DEFINITIONS = ASIO_STANDALONE;
				GCC_WARN_64_TO_32_BIT_CONVERSION = YES;
				GCC_WARN_ABOUT_RETURN_TYPE = YES_ERROR;
				GCC_WARN_UNDECLARED_SELECTOR = YES;
				GCC_WARN_UNINITIALIZED_AUTOS = YES_AGGRESSIVE;
				GCC_WARN_UNUSED_FUNCTION = YES;
				GCC_WARN_UNUSED_VARIABLE = YES;
				MACOSX_DEPLOYMENT_TARGET = 10.12;
				MTL_ENABLE_DEBUG_INFO = NO;
				SDKROOT = macosx;
			};
			name = Release;
		};
		A43E83EC1E00D91B00743CDB /* Debug */ = {
			isa = XCBuildConfiguration;
			buildSettings = {
				DEVELOPMENT_TEAM = 7MPDWSB26Z;
				HEADER_SEARCH_PATHS = (
					"\"$(SRCROOT)/../../generated-src/cpp\"",
					"\"$(SRCROOT)/../../deps/asio/include\"",
					"\"$(SRCROOT)/../../deps\"",
					"\"$(SRCROOT)/../../src\"",
				);
				PRODUCT_NAME = "$(TARGET_NAME)";
				USE_HEADERMAP = NO;
			};
			name = Debug;
		};
		A43E83ED1E00D91B00743CDB /* Release */ = {
			isa = XCBuildConfiguration;
			buildSettings = {
				DEVELOPMENT_TEAM = 7MPDWSB26Z;
				HEADER_SEARCH_PATHS = (
					"\"$(SRCROOT)/../../generated-src/cpp\"",
					"\"$(SRCROOT)/../../deps/asio/include\"",
					"\"$(SRCROOT)/../../deps\"",
					"\"$(SRCROOT)/../../src\"",
				);
				PRODUCT_NAME = "$(TARGET_NAME)";
				USE_HEADERMAP = NO;
			};
			name = Release;
		};
/* End XCBuildConfiguration section */

/* Begin XCConfigurationList section */
		A43E83DF1E00D91B00743CDB /* Build configuration list for PBXProject "StmlCpp" */ = {
			isa = XCConfigurationList;
			buildConfigurations = (
				A43E83E91E00D91B00743CDB /* Debug */,
				A43E83EA1E00D91B00743CDB /* Release */,
			);
			defaultConfigurationIsVisible = 0;
			defaultConfigurationName = Release;
		};
		A43E83EB1E00D91B00743CDB /* Build configuration list for PBXNativeTarget "StmlCpp" */ = {
			isa = XCConfigurationList;
			buildConfigurations = (
				A43E83EC1E00D91B00743CDB /* Debug */,
				A43E83ED1E00D91B00743CDB /* Release */,
			);
			defaultConfigurationIsVisible = 0;
			defaultConfigurationName = Release;
		};
/* End XCConfigurationList section */
	};
	rootObject = A43E83DC1E00D91B00743CDB /* Project object */;
}
