// !$*UTF8*$!
{
	archiveVersion = 1;
	classes = {
	};
	objectVersion = 46;
	objects = {

/* Begin PBXBuildFile section */
		A43E83E81E00D91B00743CDB /* main.cpp in Sources */ = {isa = PBXBuildFile; fileRef = A43E83E71E00D91B00743CDB /* main.cpp */; };
		A43E84071E00DD9300743CDB /* log_impl.cpp in Sources */ = {isa = PBXBuildFile; fileRef = A43E84051E00DD9300743CDB /* log_impl.cpp */; };
		A43E840A1E00E8B800743CDB /* utils_impl.cpp in Sources */ = {isa = PBXBuildFile; fileRef = A43E84081E00E8B800743CDB /* utils_impl.cpp */; };
		A43E840D1E00EB3800743CDB /* cache_impl.cpp in Sources */ = {isa = PBXBuildFile; fileRef = A43E840B1E00EB3800743CDB /* cache_impl.cpp */; };
		A43E84101E00ED1800743CDB /* stml_impl.cpp in Sources */ = {isa = PBXBuildFile; fileRef = A43E840E1E00ED1800743CDB /* stml_impl.cpp */; };
/* End PBXBuildFile section */

/* Begin PBXCopyFilesBuildPhase section */
		A43E83E21E00D91B00743CDB /* CopyFiles */ = {
			isa = PBXCopyFilesBuildPhase;
			buildActionMask = 2147483647;
			dstPath = /usr/share/man/man1/;
			dstSubfolderSpec = 0;
			files = (
			);
			runOnlyForDeploymentPostprocessing = 1;
		};
/* End PBXCopyFilesBuildPhase section */

/* Begin PBXFileReference section */
		A43E83E41E00D91B00743CDB /* StmlCpp */ = {isa = PBXFileReference; explicitFileType = "compiled.mach-o.executable"; includeInIndex = 0; path = StmlCpp; sourceTree = BUILT_PRODUCTS_DIR; };
		A43E83E71E00D91B00743CDB /* main.cpp */ = {isa = PBXFileReference; lastKnownFileType = sourcecode.cpp.cpp; path = main.cpp; sourceTree = "<group>"; };
		A43E84051E00DD9300743CDB /* log_impl.cpp */ = {isa = PBXFileReference; fileEncoding = 4; lastKnownFileType = sourcecode.cpp.cpp; path = log_impl.cpp; sourceTree = "<group>"; };
		A43E84061E00DD9300743CDB /* log_impl.hpp */ = {isa = PBXFileReference; fileEncoding = 4; lastKnownFileType = sourcecode.cpp.h; path = log_impl.hpp; sourceTree = "<group>"; };
		A43E84081E00E8B800743CDB /* utils_impl.cpp */ = {isa = PBXFileReference; fileEncoding = 4; lastKnownFileType = sourcecode.cpp.cpp; path = utils_impl.cpp; sourceTree = "<group>"; };
		A43E84091E00E8B800743CDB /* utils_impl.hpp */ = {isa = PBXFileReference; fileEncoding = 4; lastKnownFileType = sourcecode.cpp.h; path = utils_impl.hpp; sourceTree = "<group>"; };
		A43E840B1E00EB3800743CDB /* cache_impl.cpp */ = {isa = PBXFileReference; fileEncoding = 4; lastKnownFileType = sourcecode.cpp.cpp; path = cache_impl.cpp; sourceTree = "<group>"; };
		A43E840C1E00EB3800743CDB /* cache_impl.hpp */ = {isa = PBXFileReference; fileEncoding = 4; lastKnownFileType = sourcecode.cpp.h; path = cache_impl.hpp; sourceTree = "<group>"; };
		A43E840E1E00ED1800743CDB /* stml_impl.cpp */ = {isa = PBXFileReference; fileEncoding = 4; lastKnownFileType = sourcecode.cpp.cpp; path = stml_impl.cpp; sourceTree = "<group>"; };
		A43E840F1E00ED1800743CDB /* stml_impl.hpp */ = {isa = PBXFileReference; fileEncoding = 4; lastKnownFileType = sourcecode.cpp.h; path = stml_impl.hpp; sourceTree = "<group>"; };
/* End PBXFileReference section */

/* Begin PBXFrameworksBuildPhase section */
		A43E83E11E00D91B00743CDB /* Frameworks */ = {
			isa = PBXFrameworksBuildPhase;
			buildActionMask = 2147483647;
			files = (
			);
			runOnlyForDeploymentPostprocessing = 0;
		};
/* End PBXFrameworksBuildPhase section */

/* Begin PBXGroup section */
		A43E83DB1E00D91B00743CDB = {
			isa = PBXGroup;
			children = (
				A43E83E61E00D91B00743CDB /* StmlCpp */,
				A43E83E51E00D91B00743CDB /* Products */,
			);
			sourceTree = "<group>";
		};
		A43E83E51E00D91B00743CDB /* Products */ = {
			isa = PBXGroup;
			children = (
				A43E83E41E00D91B00743CDB /* StmlCpp */,
			);
			name = Products;
			sourceTree = "<group>";
		};
		A43E83E61E00D91B00743CDB /* StmlCpp */ = {
			isa = PBXGroup;
			children = (
				A43E83F61E00DA3A00743CDB /* src */,
				A43E83E71E00D91B00743CDB /* main.cpp */,
			);
			path = StmlCpp;
			sourceTree = "<group>";
		};
		A43E83F61E00DA3A00743CDB /* src */ = {
			isa = PBXGroup;
			children = (
				A43E84051E00DD9300743CDB /* log_impl.cpp */,
				A43E84061E00DD9300743CDB /* log_impl.hpp */,
				A43E84081E00E8B800743CDB /* utils_impl.cpp */,
				A43E84091E00E8B800743CDB /* utils_impl.hpp */,
				A43E840B1E00EB3800743CDB /* cache_impl.cpp */,
				A43E840C1E00EB3800743CDB /* cache_impl.hpp */,
				A43E840E1E00ED1800743CDB /* stml_impl.cpp */,
				A43E840F1E00ED1800743CDB /* stml_impl.hpp */,
			);
			name = src;
			path = ../../../src;
			sourceTree = "<group>";
		};
/* End PBXGroup section */

/* Begin PBXNativeTarget section */
		A43E83E31E00D91B00743CDB /* StmlCpp */ = {
			isa = PBXNativeTarget;
			buildConfigurationList = A43E83EB1E00D91B00743CDB /* Build configuration list for PBXNativeTarget "StmlCpp" */;
			buildPhases = (
				A43E83E01E00D91B00743CDB /* Sources */,
				A43E83E11E00D91B00743CDB /* Frameworks */,
				A43E83E21E00D91B00743CDB /* CopyFiles */,
			);
			buildRules = (
			);
			dependencies = (
			);
			name = StmlCpp;
			productName = StmlCpp;
			productReference = A43E83E41E00D91B00743CDB /* StmlCpp */;
			productType = "com.apple.product-type.tool";
		};
/* End PBXNativeTarget section */

/* Begin PBXProject section */
		A43E83DC1E00D91B00743CDB /* Project object */ = {
			isa = PBXProject;
			attributes = {
				LastUpgradeCheck = 0810;
				ORGANIZATIONNAME = Smobiler;
				TargetAttributes = {
					A43E83E31E00D91B00743CDB = {
						CreatedOnToolsVersion = 8.1;
						DevelopmentTeam = 7MPDWSB26Z;
						ProvisioningStyle = Automatic;
					};
				};
			};
			buildConfigurationList = A43E83DF1E00D91B00743CDB /* Build configuration list for PBXProject "StmlCpp" */;
			compatibilityVersion = "Xcode 3.2";
			developmentRegion = English;
			hasScannedForEncodings = 0;
			knownRegions = (
				en,
			);
			mainGroup = A43E83DB1E00D91B00743CDB;
			productRefGroup = A43E83E51E00D91B00743CDB /* Products */;
			projectDirPath = "";
			projectRoot = "";
			targets = (
				A43E83E31E00D91B00743CDB /* StmlCpp */,
			);
		};
/* End PBXProject section */

/* Begin PBXSourcesBuildPhase section */
		A43E83E01E00D91B00743CDB /* Sources */ = {
			isa = PBXSourcesBuildPhase;
			buildActionMask = 2147483647;
			files = (
				A43E840D1E00EB3800743CDB /* cache_impl.cpp in Sources */,
				A43E84101E00ED1800743CDB /* stml_impl.cpp in Sources */,
				A43E84071E00DD9300743CDB /* log_impl.cpp in Sources */,
				A43E840A1E00E8B800743CDB /* utils_impl.cpp in Sources */,
				A43E83E81E00D91B00743CDB /* main.cpp in Sources */,
			);
			runOnlyForDeploymentPostprocessing = 0;
		};
/* End PBXSourcesBuildPhase section */

/* Begin XCBuildConfiguration section */
		A43E83E91E00D91B00743CDB /* Debug */ = {
			isa = XCBuildConfiguration;
			buildSettings = {
				ALWAYS_SEARCH_USER_PATHS = NO;
				CLANG_ANALYZER_NONNULL = YES;
				CLANG_CXX_LANGUAGE_STANDARD = "gnu++0x";
				CLANG_CXX_LIBRARY = "libc++";
				CLANG_ENABLE_MODULES = YES;
				CLANG_ENABLE_OBJC_ARC = YES;
				CLANG_WARN_BOOL_CONVERSION = YES;
				CLANG_WARN_CONSTANT_CONVERSION = YES;
				CLANG_WARN_DIRECT_OBJC_ISA_USAGE = YES_ERROR;
				CLANG_WARN_DOCUMENTATION_COMMENTS = YES;
				CLANG_WARN_EMPTY_BODY = YES;
				CLANG_WARN_ENUM_CONVERSION = YES;
				CLANG_WARN_INFINITE_RECURSION = YES;
				CLANG_WARN_INT_CONVERSION = YES;
				CLANG_WARN_OBJC_ROOT_CLASS = YES_ERROR;
				CLANG_WARN_SUSPICIOUS_MOVES = YES;
				CLANG_WARN_UNREACHABLE_CODE = YES;
				CLANG_WARN__DUPLICATE_METHOD_MATCH = YES;
				CODE_SIGN_IDENTITY = "-";
				COPY_PHASE_STRIP = NO;
				DEBUG_INFORMATION_FORMAT = dwarf;
				ENABLE_STRICT_OBJC_MSGSEND = YES;
				ENABLE_TESTABILITY = YES;
				GCC_C_LANGUAGE_STANDARD = gnu99;
				GCC_DYNAMIC_NO_PIC = NO;
				GCC_NO_COMMON_BLOCKS = YES;
				GCC_OPTIMIZATION_LEVEL = 0;
				GCC_PREPROCESSOR_DEFINITIONS = (
					"DEBUG=1",
					"$(inherited)",
				);
				GCC_WARN_64_TO_32_BIT_CONVERSION = YES;
				GCC_WARN_ABOUT_RETURN_TYPE = YES_ERROR;
				GCC_WARN_UNDECLARED_SELECTOR = YES;
				GCC_WARN_UNINITIALIZED_AUTOS = YES_AGGRESSIVE;
				GCC_WARN_UNUSED_FUNCTION = YES;
				GCC_WARN_UNUSED_VARIABLE = YES;
				MACOSX_DEPLOYMENT_TARGET = 10.12;
				MTL_ENABLE_DEBUG_INFO = YES;
				ONLY_ACTIVE_ARCH = YES;
				SDKROOT = macosx;
			};
			name = Debug;
		};
		A43E83EA1E00D91B00743CDB /* Release */ = {
			isa = XCBuildConfiguration;
			buildSettings = {
				ALWAYS_SEARCH_USER_PATHS = NO;
				CLANG_ANALYZER_NONNULL = YES;
				CLANG_CXX_LANGUAGE_STANDARD = "gnu++0x";
				CLANG_CXX_LIBRARY = "libc++";
				CLANG_ENABLE_MODULES = YES;
				CLANG_ENABLE_OBJC_ARC = YES;
				CLANG_WARN_BOOL_CONVERSION = YES;
				CLANG_WARN_CONSTANT_CONVERSION = YES;
				CLANG_WARN_DIRECT_OBJC_ISA_USAGE = YES_ERROR;
				CLANG_WARN_DOCUMENTATION_COMMENTS = YES;
				CLANG_WARN_EMPTY_BODY = YES;
				CLANG_WARN_ENUM_CONVERSION = YES;
				CLANG_WARN_INFINITE_RECURSION = YES;
				CLANG_WARN_INT_CONVERSION = YES;
				CLANG_WARN_OBJC_ROOT_CLASS = YES_ERROR;
				CLANG_WARN_SUSPICIOUS_MOVES = YES;
				CLANG_WARN_UNREACHABLE_CODE = YES;
				CLANG_WARN__DUPLICATE_METHOD_MATCH = YES;
				CODE_SIGN_IDENTITY = "-";
				COPY_PHASE_STRIP = NO;
				DEBUG_INFORMATION_FORMAT = "dwarf-with-dsym";
				ENABLE_NS_ASSERTIONS = NO;
				ENABLE_STRICT_OBJC_MSGSEND = YES;
				GCC_C_LANGUAGE_STANDARD = gnu99;
				GCC_NO_COMMON_BLOCKS = YES;
				GCC_WARN_64_TO_32_BIT_CONVERSION = YES;
				GCC_WARN_ABOUT_RETURN_TYPE = YES_ERROR;
				GCC_WARN_UNDECLARED_SELECTOR = YES;
				GCC_WARN_UNINITIALIZED_AUTOS = YES_AGGRESSIVE;
				GCC_WARN_UNUSED_FUNCTION = YES;
				GCC_WARN_UNUSED_VARIABLE = YES;
				MACOSX_DEPLOYMENT_TARGET = 10.12;
				MTL_ENABLE_DEBUG_INFO = NO;
				SDKROOT = macosx;
			};
			name = Release;
		};
		A43E83EC1E00D91B00743CDB /* Debug */ = {
			isa = XCBuildConfiguration;
			buildSettings = {
				DEVELOPMENT_TEAM = 7MPDWSB26Z;
				HEADER_SEARCH_PATHS = "\"$(SRCROOT)/../../generated-src/cpp\"";
				PRODUCT_NAME = "$(TARGET_NAME)";
			};
			name = Debug;
		};
		A43E83ED1E00D91B00743CDB /* Release */ = {
			isa = XCBuildConfiguration;
			buildSettings = {
				DEVELOPMENT_TEAM = 7MPDWSB26Z;
				HEADER_SEARCH_PATHS = "\"$(SRCROOT)/../../generated-src/cpp\"";
				PRODUCT_NAME = "$(TARGET_NAME)";
			};
			name = Release;
		};
/* End XCBuildConfiguration section */

/* Begin XCConfigurationList section */
		A43E83DF1E00D91B00743CDB /* Build configuration list for PBXProject "StmlCpp" */ = {
			isa = XCConfigurationList;
			buildConfigurations = (
				A43E83E91E00D91B00743CDB /* Debug */,
				A43E83EA1E00D91B00743CDB /* Release */,
			);
			defaultConfigurationIsVisible = 0;
			defaultConfigurationName = Release;
		};
		A43E83EB1E00D91B00743CDB /* Build configuration list for PBXNativeTarget "StmlCpp" */ = {
			isa = XCConfigurationList;
			buildConfigurations = (
				A43E83EC1E00D91B00743CDB /* Debug */,
				A43E83ED1E00D91B00743CDB /* Release */,
			);
			defaultConfigurationIsVisible = 0;
		};
/* End XCConfigurationList section */
	};
	rootObject = A43E83DC1E00D91B00743CDB /* Project object */;
}
